
Microsoft Visual Studio Solution File, Format Version 12.00
# Visual Studio 15
VisualStudioVersion = 15.0.26430.6
MinimumVisualStudioVersion = 10.0.40219.1
Project("{FAE04EC0-301F-11D3-BF4B-00C04F79EFBC}") = "BestMUD", "BestMUD\BestMUD.csproj", "{AE0C543A-507B-4533-992D-2DE9C6E080D8}"
EndProject
Project("{FAE04EC0-301F-11D3-BF4B-00C04F79EFBC}") = "Networking", "Networking\Networking.csproj", "{1D77C062-A8BA-47E7-81DA-C5AF01080FB0}"
EndProject
Project("{FAE04EC0-301F-11D3-BF4B-00C04F79EFBC}") = "Utilities", "Utilities\Utilities.csproj", "{2D9488B6-935D-4E72-989C-898968FBC927}"
EndProject
Project("{FAE04EC0-301F-11D3-BF4B-00C04F79EFBC}") = "Telnet", "Telnet\Telnet.csproj", "{1755A8D8-DEE6-4577-9E6A-9EC091B4837B}"
EndProject
Project("{FAE04EC0-301F-11D3-BF4B-00C04F79EFBC}") = "Core", "Core\Core.csproj", "{7C8BCEBE-1C10-48CB-A2FD-D267864E032F}"
EndProject
Project("{FAE04EC0-301F-11D3-BF4B-00C04F79EFBC}") = "Scripting", "Scripting\Scripting.csproj", "{4D320710-217E-4F2F-9D57-C054EA7AB2D9}"
EndProject
Global
	GlobalSection(SolutionConfigurationPlatforms) = preSolution
		Debug|Any CPU = Debug|Any CPU
		Release|Any CPU = Release|Any CPU
	EndGlobalSection
	GlobalSection(ProjectConfigurationPlatforms) = postSolution
		{AE0C543A-507B-4533-992D-2DE9C6E080D8}.Debug|Any CPU.ActiveCfg = Debug|Any CPU
		{AE0C543A-507B-4533-992D-2DE9C6E080D8}.Debug|Any CPU.Build.0 = Debug|Any CPU
		{AE0C543A-507B-4533-992D-2DE9C6E080D8}.Release|Any CPU.ActiveCfg = Release|Any CPU
		{AE0C543A-507B-4533-992D-2DE9C6E080D8}.Release|Any CPU.Build.0 = Release|Any CPU
		{1D77C062-A8BA-47E7-81DA-C5AF01080FB0}.Debug|Any CPU.ActiveCfg = Debug|Any CPU
		{1D77C062-A8BA-47E7-81DA-C5AF01080FB0}.Debug|Any CPU.Build.0 = Debug|Any CPU
		{1D77C062-A8BA-47E7-81DA-C5AF01080FB0}.Release|Any CPU.ActiveCfg = Release|Any CPU
		{1D77C062-A8BA-47E7-81DA-C5AF01080FB0}.Release|Any CPU.Build.0 = Release|Any CPU
		{2D9488B6-935D-4E72-989C-898968FBC927}.Debug|Any CPU.ActiveCfg = Debug|Any CPU
		{2D9488B6-935D-4E72-989C-898968FBC927}.Debug|Any CPU.Build.0 = Debug|Any CPU
		{2D9488B6-935D-4E72-989C-898968FBC927}.Release|Any CPU.ActiveCfg = Release|Any CPU
		{2D9488B6-935D-4E72-989C-898968FBC927}.Release|Any CPU.Build.0 = Release|Any CPU
		{1755A8D8-DEE6-4577-9E6A-9EC091B4837B}.Debug|Any CPU.ActiveCfg = Debug|Any CPU
		{1755A8D8-DEE6-4577-9E6A-9EC091B4837B}.Debug|Any CPU.Build.0 = Debug|Any CPU
		{1755A8D8-DEE6-4577-9E6A-9EC091B4837B}.Release|Any CPU.ActiveCfg = Release|Any CPU
		{1755A8D8-DEE6-4577-9E6A-9EC091B4837B}.Release|Any CPU.Build.0 = Release|Any CPU
		{7C8BCEBE-1C10-48CB-A2FD-D267864E032F}.Debug|Any CPU.ActiveCfg = Debug|Any CPU
		{7C8BCEBE-1C10-48CB-A2FD-D267864E032F}.Debug|Any CPU.Build.0 = Debug|Any CPU
		{7C8BCEBE-1C10-48CB-A2FD-D267864E032F}.Release|Any CPU.ActiveCfg = Release|Any CPU
		{7C8BCEBE-1C10-48CB-A2FD-D267864E032F}.Release|Any CPU.Build.0 = Release|Any CPU
		{4D320710-217E-4F2F-9D57-C054EA7AB2D9}.Debug|Any CPU.ActiveCfg = Debug|Any CPU
		{4D320710-217E-4F2F-9D57-C054EA7AB2D9}.Debug|Any CPU.Build.0 = Debug|Any CPU
		{4D320710-217E-4F2F-9D57-C054EA7AB2D9}.Release|Any CPU.ActiveCfg = Release|Any CPU
		{4D320710-217E-4F2F-9D57-C054EA7AB2D9}.Release|Any CPU.Build.0 = Release|Any CPU
	EndGlobalSection
	GlobalSection(SolutionProperties) = preSolution
		HideSolutionNode = FALSE
	EndGlobalSection
EndGlobal
